// !$*UTF8*$!
{
	archiveVersion = 1;
	classes = {
	};
	objectVersion = 55;
	objects = {

/* Begin PBXBuildFile section */
		1F30B30B27DD796600E5A410 /* AppDelegate.swift in Sources */ = {isa = PBXBuildFile; fileRef = 1F30B30A27DD796600E5A410 /* AppDelegate.swift */; };
		1F30B30D27DD796600E5A410 /* SceneDelegate.swift in Sources */ = {isa = PBXBuildFile; fileRef = 1F30B30C27DD796600E5A410 /* SceneDelegate.swift */; };
		1F30B30F27DD796600E5A410 /* ViewController.swift in Sources */ = {isa = PBXBuildFile; fileRef = 1F30B30E27DD796600E5A410 /* ViewController.swift */; };
		1F30B31227DD796600E5A410 /* Main.storyboard in Resources */ = {isa = PBXBuildFile; fileRef = 1F30B31027DD796600E5A410 /* Main.storyboard */; };
		1F30B31427DD796700E5A410 /* Assets.xcassets in Resources */ = {isa = PBXBuildFile; fileRef = 1F30B31327DD796700E5A410 /* Assets.xcassets */; };
		1F30B31727DD796700E5A410 /* LaunchScreen.storyboard in Resources */ = {isa = PBXBuildFile; fileRef = 1F30B31527DD796700E5A410 /* LaunchScreen.storyboard */; };
		1F30B32227DD796800E5A410 /* mvvm_patternTests.swift in Sources */ = {isa = PBXBuildFile; fileRef = 1F30B32127DD796800E5A410 /* mvvm_patternTests.swift */; };
		1F30B32C27DD796800E5A410 /* mvvm_patternUITests.swift in Sources */ = {isa = PBXBuildFile; fileRef = 1F30B32B27DD796800E5A410 /* mvvm_patternUITests.swift */; };
		1F30B32E27DD796800E5A410 /* mvvm_patternUITestsLaunchTests.swift in Sources */ = {isa = PBXBuildFile; fileRef = 1F30B32D27DD796800E5A410 /* mvvm_patternUITestsLaunchTests.swift */; };
		1F30B33D27DD7AAF00E5A410 /* simpleView.swift in Sources */ = {isa = PBXBuildFile; fileRef = 1F30B33C27DD7AAF00E5A410 /* simpleView.swift */; };
		1F30B34027DD7BED00E5A410 /* user.swift in Sources */ = {isa = PBXBuildFile; fileRef = 1F30B33F27DD7BED00E5A410 /* user.swift */; };
		1F30B34427DD7CDE00E5A410 /* userViewModel.swift in Sources */ = {isa = PBXBuildFile; fileRef = 1F30B34327DD7CDE00E5A410 /* userViewModel.swift */; };
/* End PBXBuildFile section */

/* Begin PBXContainerItemProxy section */
		1F30B31E27DD796800E5A410 /* PBXContainerItemProxy */ = {
			isa = PBXContainerItemProxy;
			containerPortal = 1F30B2FF27DD796600E5A410 /* Project object */;
			proxyType = 1;
			remoteGlobalIDString = 1F30B30627DD796600E5A410;
			remoteInfo = "mvvm-pattern";
		};
		1F30B32827DD796800E5A410 /* PBXContainerItemProxy */ = {
			isa = PBXContainerItemProxy;
			containerPortal = 1F30B2FF27DD796600E5A410 /* Project object */;
			proxyType = 1;
			remoteGlobalIDString = 1F30B30627DD796600E5A410;
			remoteInfo = "mvvm-pattern";
		};
/* End PBXContainerItemProxy section */

/* Begin PBXFileReference section */
		1F30B30727DD796600E5A410 /* mvvm-pattern.app */ = {isa = PBXFileReference; explicitFileType = wrapper.application; includeInIndex = 0; path = "mvvm-pattern.app"; sourceTree = BUILT_PRODUCTS_DIR; };
		1F30B30A27DD796600E5A410 /* AppDelegate.swift */ = {isa = PBXFileReference; lastKnownFileType = sourcecode.swift; path = AppDelegate.swift; sourceTree = "<group>"; };
		1F30B30C27DD796600E5A410 /* SceneDelegate.swift */ = {isa = PBXFileReference; lastKnownFileType = sourcecode.swift; path = SceneDelegate.swift; sourceTree = "<group>"; };
		1F30B30E27DD796600E5A410 /* ViewController.swift */ = {isa = PBXFileReference; lastKnownFileType = sourcecode.swift; path = ViewController.swift; sourceTree = "<group>"; };
		1F30B31127DD796600E5A410 /* Base */ = {isa = PBXFileReference; lastKnownFileType = file.storyboard; name = Base; path = Base.lproj/Main.storyboard; sourceTree = "<group>"; };
		1F30B31327DD796700E5A410 /* Assets.xcassets */ = {isa = PBXFileReference; lastKnownFileType = folder.assetcatalog; path = Assets.xcassets; sourceTree = "<group>"; };
		1F30B31627DD796700E5A410 /* Base */ = {isa = PBXFileReference; lastKnownFileType = file.storyboard; name = Base; path = Base.lproj/LaunchScreen.storyboard; sourceTree = "<group>"; };
		1F30B31827DD796700E5A410 /* Info.plist */ = {isa = PBXFileReference; lastKnownFileType = text.plist.xml; path = Info.plist; sourceTree = "<group>"; };
		1F30B31D27DD796800E5A410 /* mvvm-patternTests.xctest */ = {isa = PBXFileReference; explicitFileType = wrapper.cfbundle; includeInIndex = 0; path = "mvvm-patternTests.xctest"; sourceTree = BUILT_PRODUCTS_DIR; };
		1F30B32127DD796800E5A410 /* mvvm_patternTests.swift */ = {isa = PBXFileReference; lastKnownFileType = sourcecode.swift; path = mvvm_patternTests.swift; sourceTree = "<group>"; };
		1F30B32727DD796800E5A410 /* mvvm-patternUITests.xctest */ = {isa = PBXFileReference; explicitFileType = wrapper.cfbundle; includeInIndex = 0; path = "mvvm-patternUITests.xctest"; sourceTree = BUILT_PRODUCTS_DIR; };
		1F30B32B27DD796800E5A410 /* mvvm_patternUITests.swift */ = {isa = PBXFileReference; lastKnownFileType = sourcecode.swift; path = mvvm_patternUITests.swift; sourceTree = "<group>"; };
		1F30B32D27DD796800E5A410 /* mvvm_patternUITestsLaunchTests.swift */ = {isa = PBXFileReference; lastKnownFileType = sourcecode.swift; path = mvvm_patternUITestsLaunchTests.swift; sourceTree = "<group>"; };
		1F30B33C27DD7AAF00E5A410 /* simpleView.swift */ = {isa = PBXFileReference; lastKnownFileType = sourcecode.swift; path = simpleView.swift; sourceTree = "<group>"; };
		1F30B33F27DD7BED00E5A410 /* user.swift */ = {isa = PBXFileReference; lastKnownFileType = sourcecode.swift; path = user.swift; sourceTree = "<group>"; };
		1F30B34327DD7CDE00E5A410 /* userViewModel.swift */ = {isa = PBXFileReference; lastKnownFileType = sourcecode.swift; path = userViewModel.swift; sourceTree = "<group>"; };
/* End PBXFileReference section */

/* Begin PBXFrameworksBuildPhase section */
		1F30B30427DD796600E5A410 /* Frameworks */ = {
			isa = PBXFrameworksBuildPhase;
			buildActionMask = 2147483647;
			files = (
			);
			runOnlyForDeploymentPostprocessing = 0;
		};
		1F30B31A27DD796800E5A410 /* Frameworks */ = {
			isa = PBXFrameworksBuildPhase;
			buildActionMask = 2147483647;
			files = (
			);
			runOnlyForDeploymentPostprocessing = 0;
		};
		1F30B32427DD796800E5A410 /* Frameworks */ = {
			isa = PBXFrameworksBuildPhase;
			buildActionMask = 2147483647;
			files = (
			);
			runOnlyForDeploymentPostprocessing = 0;
		};
/* End PBXFrameworksBuildPhase section */

/* Begin PBXGroup section */
		1F30B2FE27DD796600E5A410 = {
			isa = PBXGroup;
			children = (
				1F30B30927DD796600E5A410 /* mvvm-pattern */,
				1F30B32027DD796800E5A410 /* mvvm-patternTests */,
				1F30B32A27DD796800E5A410 /* mvvm-patternUITests */,
				1F30B30827DD796600E5A410 /* Products */,
			);
			sourceTree = "<group>";
		};
		1F30B30827DD796600E5A410 /* Products */ = {
			isa = PBXGroup;
			children = (
				1F30B30727DD796600E5A410 /* mvvm-pattern.app */,
				1F30B31D27DD796800E5A410 /* mvvm-patternTests.xctest */,
				1F30B32727DD796800E5A410 /* mvvm-patternUITests.xctest */,
			);
			name = Products;
			sourceTree = "<group>";
		};
		1F30B30927DD796600E5A410 /* mvvm-pattern */ = {
			isa = PBXGroup;
			children = (
				1F30B34227DD7CCD00E5A410 /* viewModel */,
				1F30B33E27DD7BE300E5A410 /* model */,
				1F30B33B27DD7A9600E5A410 /* viewController */,
				1F30B33A27DD7A8E00E5A410 /* view */,
				1F30B30A27DD796600E5A410 /* AppDelegate.swift */,
				1F30B30C27DD796600E5A410 /* SceneDelegate.swift */,
				1F30B31327DD796700E5A410 /* Assets.xcassets */,
				1F30B31827DD796700E5A410 /* Info.plist */,
			);
			path = "mvvm-pattern";
			sourceTree = "<group>";
		};
		1F30B32027DD796800E5A410 /* mvvm-patternTests */ = {
			isa = PBXGroup;
			children = (
				1F30B32127DD796800E5A410 /* mvvm_patternTests.swift */,
			);
			path = "mvvm-patternTests";
			sourceTree = "<group>";
		};
		1F30B32A27DD796800E5A410 /* mvvm-patternUITests */ = {
			isa = PBXGroup;
			children = (
				1F30B32B27DD796800E5A410 /* mvvm_patternUITests.swift */,
				1F30B32D27DD796800E5A410 /* mvvm_patternUITestsLaunchTests.swift */,
			);
			path = "mvvm-patternUITests";
			sourceTree = "<group>";
		};
		1F30B33A27DD7A8E00E5A410 /* view */ = {
			isa = PBXGroup;
			children = (
				1F30B31027DD796600E5A410 /* Main.storyboard */,
				1F30B31527DD796700E5A410 /* LaunchScreen.storyboard */,
				1F30B33C27DD7AAF00E5A410 /* simpleView.swift */,
			);
			path = view;
			sourceTree = "<group>";
		};
		1F30B33B27DD7A9600E5A410 /* viewController */ = {
			isa = PBXGroup;
			children = (
				1F30B30E27DD796600E5A410 /* ViewController.swift */,
			);
			path = viewController;
			sourceTree = "<group>";
		};
		1F30B33E27DD7BE300E5A410 /* model */ = {
			isa = PBXGroup;
			children = (
				1F30B33F27DD7BED00E5A410 /* user.swift */,
			);
			path = model;
			sourceTree = "<group>";
		};
		1F30B34227DD7CCD00E5A410 /* viewModel */ = {
			isa = PBXGroup;
			children = (
				1F30B34327DD7CDE00E5A410 /* userViewModel.swift */,
			);
			path = viewModel;
			sourceTree = "<group>";
		};
/* End PBXGroup section */

/* Begin PBXNativeTarget section */
		1F30B30627DD796600E5A410 /* mvvm-pattern */ = {
			isa = PBXNativeTarget;
			buildConfigurationList = 1F30B33127DD796800E5A410 /* Build configuration list for PBXNativeTarget "mvvm-pattern" */;
			buildPhases = (
				1F30B30327DD796600E5A410 /* Sources */,
				1F30B30427DD796600E5A410 /* Frameworks */,
				1F30B30527DD796600E5A410 /* Resources */,
			);
			buildRules = (
			);
			dependencies = (
			);
			name = "mvvm-pattern";
			productName = "mvvm-pattern";
			productReference = 1F30B30727DD796600E5A410 /* mvvm-pattern.app */;
			productType = "com.apple.product-type.application";
		};
		1F30B31C27DD796800E5A410 /* mvvm-patternTests */ = {
			isa = PBXNativeTarget;
			buildConfigurationList = 1F30B33427DD796800E5A410 /* Build configuration list for PBXNativeTarget "mvvm-patternTests" */;
			buildPhases = (
				1F30B31927DD796800E5A410 /* Sources */,
				1F30B31A27DD796800E5A410 /* Frameworks */,
				1F30B31B27DD796800E5A410 /* Resources */,
			);
			buildRules = (
			);
			dependencies = (
				1F30B31F27DD796800E5A410 /* PBXTargetDependency */,
			);
			name = "mvvm-patternTests";
			productName = "mvvm-patternTests";
			productReference = 1F30B31D27DD796800E5A410 /* mvvm-patternTests.xctest */;
			productType = "com.apple.product-type.bundle.unit-test";
		};
		1F30B32627DD796800E5A410 /* mvvm-patternUITests */ = {
			isa = PBXNativeTarget;
			buildConfigurationList = 1F30B33727DD796800E5A410 /* Build configuration list for PBXNativeTarget "mvvm-patternUITests" */;
			buildPhases = (
				1F30B32327DD796800E5A410 /* Sources */,
				1F30B32427DD796800E5A410 /* Frameworks */,
				1F30B32527DD796800E5A410 /* Resources */,
			);
			buildRules = (
			);
			dependencies = (
				1F30B32927DD796800E5A410 /* PBXTargetDependency */,
			);
			name = "mvvm-patternUITests";
			productName = "mvvm-patternUITests";
			productReference = 1F30B32727DD796800E5A410 /* mvvm-patternUITests.xctest */;
			productType = "com.apple.product-type.bundle.ui-testing";
		};
/* End PBXNativeTarget section */

/* Begin PBXProject section */
		1F30B2FF27DD796600E5A410 /* Project object */ = {
			isa = PBXProject;
			attributes = {
				BuildIndependentTargetsInParallel = 1;
				LastSwiftUpdateCheck = 1310;
				LastUpgradeCheck = 1310;
				TargetAttributes = {
					1F30B30627DD796600E5A410 = {
						CreatedOnToolsVersion = 13.1;
					};
					1F30B31C27DD796800E5A410 = {
						CreatedOnToolsVersion = 13.1;
						TestTargetID = 1F30B30627DD796600E5A410;
					};
					1F30B32627DD796800E5A410 = {
						CreatedOnToolsVersion = 13.1;
						TestTargetID = 1F30B30627DD796600E5A410;
					};
				};
			};
			buildConfigurationList = 1F30B30227DD796600E5A410 /* Build configuration list for PBXProject "mvvm-pattern" */;
			compatibilityVersion = "Xcode 13.0";
			developmentRegion = en;
			hasScannedForEncodings = 0;
			knownRegions = (
				en,
				Base,
			);
			mainGroup = 1F30B2FE27DD796600E5A410;
			productRefGroup = 1F30B30827DD796600E5A410 /* Products */;
			projectDirPath = "";
			projectRoot = "";
			targets = (
				1F30B30627DD796600E5A410 /* mvvm-pattern */,
				1F30B31C27DD796800E5A410 /* mvvm-patternTests */,
				1F30B32627DD796800E5A410 /* mvvm-patternUITests */,
			);
		};
/* End PBXProject section */

/* Begin PBXResourcesBuildPhase section */
		1F30B30527DD796600E5A410 /* Resources */ = {
			isa = PBXResourcesBuildPhase;
			buildActionMask = 2147483647;
			files = (
				1F30B31727DD796700E5A410 /* LaunchScreen.storyboard in Resources */,
				1F30B31427DD796700E5A410 /* Assets.xcassets in Resources */,
				1F30B31227DD796600E5A410 /* Main.storyboard in Resources */,
			);
			runOnlyForDeploymentPostprocessing = 0;
		};
		1F30B31B27DD796800E5A410 /* Resources */ = {
			isa = PBXResourcesBuildPhase;
			buildActionMask = 2147483647;
			files = (
			);
			runOnlyForDeploymentPostprocessing = 0;
		};
		1F30B32527DD796800E5A410 /* Resources */ = {
			isa = PBXResourcesBuildPhase;
			buildActionMask = 2147483647;
			files = (
			);
			runOnlyForDeploymentPostprocessing = 0;
		};
/* End PBXResourcesBuildPhase section */

/* Begin PBXSourcesBuildPhase section */
		1F30B30327DD796600E5A410 /* Sources */ = {
			isa = PBXSourcesBuildPhase;
			buildActionMask = 2147483647;
			files = (
				1F30B34027DD7BED00E5A410 /* user.swift in Sources */,
				1F30B33D27DD7AAF00E5A410 /* simpleView.swift in Sources */,
				1F30B30F27DD796600E5A410 /* ViewController.swift in Sources */,
				1F30B34427DD7CDE00E5A410 /* userViewModel.swift in Sources */,
				1F30B30B27DD796600E5A410 /* AppDelegate.swift in Sources */,
				1F30B30D27DD796600E5A410 /* SceneDelegate.swift in Sources */,
			);
			runOnlyForDeploymentPostprocessing = 0;
		};
		1F30B31927DD796800E5A410 /* Sources */ = {
			isa = PBXSourcesBuildPhase;
			buildActionMask = 2147483647;
			files = (
				1F30B32227DD796800E5A410 /* mvvm_patternTests.swift in Sources */,
			);
			runOnlyForDeploymentPostprocessing = 0;
		};
		1F30B32327DD796800E5A410 /* Sources */ = {
			isa = PBXSourcesBuildPhase;
			buildActionMask = 2147483647;
			files = (
				1F30B32C27DD796800E5A410 /* mvvm_patternUITests.swift in Sources */,
				1F30B32E27DD796800E5A410 /* mvvm_patternUITestsLaunchTests.swift in Sources */,
			);
			runOnlyForDeploymentPostprocessing = 0;
		};
/* End PBXSourcesBuildPhase section */

/* Begin PBXTargetDependency section */
		1F30B31F27DD796800E5A410 /* PBXTargetDependency */ = {
			isa = PBXTargetDependency;
			target = 1F30B30627DD796600E5A410 /* mvvm-pattern */;
			targetProxy = 1F30B31E27DD796800E5A410 /* PBXContainerItemProxy */;
		};
		1F30B32927DD796800E5A410 /* PBXTargetDependency */ = {
			isa = PBXTargetDependency;
			target = 1F30B30627DD796600E5A410 /* mvvm-pattern */;
			targetProxy = 1F30B32827DD796800E5A410 /* PBXContainerItemProxy */;
		};
/* End PBXTargetDependency section */

/* Begin PBXVariantGroup section */
		1F30B31027DD796600E5A410 /* Main.storyboard */ = {
			isa = PBXVariantGroup;
			children = (
				1F30B31127DD796600E5A410 /* Base */,
			);
			name = Main.storyboard;
			sourceTree = "<group>";
		};
		1F30B31527DD796700E5A410 /* LaunchScreen.storyboard */ = {
			isa = PBXVariantGroup;
			children = (
				1F30B31627DD796700E5A410 /* Base */,
			);
			name = LaunchScreen.storyboard;
			sourceTree = "<group>";
		};
/* End PBXVariantGroup section */

/* Begin XCBuildConfiguration section */
		1F30B32F27DD796800E5A410 /* Debug */ = {
			isa = XCBuildConfiguration;
			buildSettings = {
				ALWAYS_SEARCH_USER_PATHS = NO;
				CLANG_ANALYZER_NONNULL = YES;
				CLANG_ANALYZER_NUMBER_OBJECT_CONVERSION = YES_AGGRESSIVE;
				CLANG_CXX_LANGUAGE_STANDARD = "gnu++17";
				CLANG_CXX_LIBRARY = "libc++";
				CLANG_ENABLE_MODULES = YES;
				CLANG_ENABLE_OBJC_ARC = YES;
				CLANG_ENABLE_OBJC_WEAK = YES;
				CLANG_WARN_BLOCK_CAPTURE_AUTORELEASING = YES;
				CLANG_WARN_BOOL_CONVERSION = YES;
				CLANG_WARN_COMMA = YES;
				CLANG_WARN_CONSTANT_CONVERSION = YES;
				CLANG_WARN_DEPRECATED_OBJC_IMPLEMENTATIONS = YES;
				CLANG_WARN_DIRECT_OBJC_ISA_USAGE = YES_ERROR;
				CLANG_WARN_DOCUMENTATION_COMMENTS = YES;
				CLANG_WARN_EMPTY_BODY = YES;
				CLANG_WARN_ENUM_CONVERSION = YES;
				CLANG_WARN_INFINITE_RECURSION = YES;
				CLANG_WARN_INT_CONVERSION = YES;
				CLANG_WARN_NON_LITERAL_NULL_CONVERSION = YES;
				CLANG_WARN_OBJC_IMPLICIT_RETAIN_SELF = YES;
				CLANG_WARN_OBJC_LITERAL_CONVERSION = YES;
				CLANG_WARN_OBJC_ROOT_CLASS = YES_ERROR;
				CLANG_WARN_QUOTED_INCLUDE_IN_FRAMEWORK_HEADER = YES;
				CLANG_WARN_RANGE_LOOP_ANALYSIS = YES;
				CLANG_WARN_STRICT_PROTOTYPES = YES;
				CLANG_WARN_SUSPICIOUS_MOVE = YES;
				CLANG_WARN_UNGUARDED_AVAILABILITY = YES_AGGRESSIVE;
				CLANG_WARN_UNREACHABLE_CODE = YES;
				CLANG_WARN__DUPLICATE_METHOD_MATCH = YES;
				COPY_PHASE_STRIP = NO;
				DEBUG_INFORMATION_FORMAT = dwarf;
				ENABLE_STRICT_OBJC_MSGSEND = YES;
				ENABLE_TESTABILITY = YES;
				GCC_C_LANGUAGE_STANDARD = gnu11;
				GCC_DYNAMIC_NO_PIC = NO;
				GCC_NO_COMMON_BLOCKS = YES;
				GCC_OPTIMIZATION_LEVEL = 0;
				GCC_PREPROCESSOR_DEFINITIONS = (
					"DEBUG=1",
					"$(inherited)",
				);
				GCC_WARN_64_TO_32_BIT_CONVERSION = YES;
				GCC_WARN_ABOUT_RETURN_TYPE = YES_ERROR;
				GCC_WARN_UNDECLARED_SELECTOR = YES;
				GCC_WARN_UNINITIALIZED_AUTOS = YES_AGGRESSIVE;
				GCC_WARN_UNUSED_FUNCTION = YES;
				GCC_WARN_UNUSED_VARIABLE = YES;
				IPHONEOS_DEPLOYMENT_TARGET = 15.0;
				MTL_ENABLE_DEBUG_INFO = INCLUDE_SOURCE;
				MTL_FAST_MATH = YES;
				ONLY_ACTIVE_ARCH = YES;
				SDKROOT = iphoneos;
				SWIFT_ACTIVE_COMPILATION_CONDITIONS = DEBUG;
				SWIFT_OPTIMIZATION_LEVEL = "-Onone";
			};
			name = Debug;
		};
		1F30B33027DD796800E5A410 /* Release */ = {
			isa = XCBuildConfiguration;
			buildSettings = {
				ALWAYS_SEARCH_USER_PATHS = NO;
				CLANG_ANALYZER_NONNULL = YES;
				CLANG_ANALYZER_NUMBER_OBJECT_CONVERSION = YES_AGGRESSIVE;
				CLANG_CXX_LANGUAGE_STANDARD = "gnu++17";
				CLANG_CXX_LIBRARY = "libc++";
				CLANG_ENABLE_MODULES = YES;
				CLANG_ENABLE_OBJC_ARC = YES;
				CLANG_ENABLE_OBJC_WEAK = YES;
				CLANG_WARN_BLOCK_CAPTURE_AUTORELEASING = YES;
				CLANG_WARN_BOOL_CONVERSION = YES;
				CLANG_WARN_COMMA = YES;
				CLANG_WARN_CONSTANT_CONVERSION = YES;
				CLANG_WARN_DEPRECATED_OBJC_IMPLEMENTATIONS = YES;
				CLANG_WARN_DIRECT_OBJC_ISA_USAGE = YES_ERROR;
				CLANG_WARN_DOCUMENTATION_COMMENTS = YES;
				CLANG_WARN_EMPTY_BODY = YES;
				CLANG_WARN_ENUM_CONVERSION = YES;
				CLANG_WARN_INFINITE_RECURSION = YES;
				CLANG_WARN_INT_CONVERSION = YES;
				CLANG_WARN_NON_LITERAL_NULL_CONVERSION = YES;
				CLANG_WARN_OBJC_IMPLICIT_RETAIN_SELF = YES;
				CLANG_WARN_OBJC_LITERAL_CONVERSION = YES;
				CLANG_WARN_OBJC_ROOT_CLASS = YES_ERROR;
				CLANG_WARN_QUOTED_INCLUDE_IN_FRAMEWORK_HEADER = YES;
				CLANG_WARN_RANGE_LOOP_ANALYSIS = YES;
				CLANG_WARN_STRICT_PROTOTYPES = YES;
				CLANG_WARN_SUSPICIOUS_MOVE = YES;
				CLANG_WARN_UNGUARDED_AVAILABILITY = YES_AGGRESSIVE;
				CLANG_WARN_UNREACHABLE_CODE = YES;
				CLANG_WARN__DUPLICATE_METHOD_MATCH = YES;
				COPY_PHASE_STRIP = NO;
				DEBUG_INFORMATION_FORMAT = "dwarf-with-dsym";
				ENABLE_NS_ASSERTIONS = NO;
				ENABLE_STRICT_OBJC_MSGSEND = YES;
				GCC_C_LANGUAGE_STANDARD = gnu11;
				GCC_NO_COMMON_BLOCKS = YES;
				GCC_WARN_64_TO_32_BIT_CONVERSION = YES;
				GCC_WARN_ABOUT_RETURN_TYPE = YES_ERROR;
				GCC_WARN_UNDECLARED_SELECTOR = YES;
				GCC_WARN_UNINITIALIZED_AUTOS = YES_AGGRESSIVE;
				GCC_WARN_UNUSED_FUNCTION = YES;
				GCC_WARN_UNUSED_VARIABLE = YES;
				IPHONEOS_DEPLOYMENT_TARGET = 15.0;
				MTL_ENABLE_DEBUG_INFO = NO;
				MTL_FAST_MATH = YES;
				SDKROOT = iphoneos;
				SWIFT_COMPILATION_MODE = wholemodule;
				SWIFT_OPTIMIZATION_LEVEL = "-O";
				VALIDATE_PRODUCT = YES;
			};
			name = Release;
		};
		1F30B33227DD796800E5A410 /* Debug */ = {
			isa = XCBuildConfiguration;
			buildSettings = {
				ASSETCATALOG_COMPILER_APPICON_NAME = AppIcon;
				ASSETCATALOG_COMPILER_GLOBAL_ACCENT_COLOR_NAME = AccentColor;
				CODE_SIGN_STYLE = Automatic;
				CURRENT_PROJECT_VERSION = 1;
				GENERATE_INFOPLIST_FILE = YES;
				INFOPLIST_FILE = "mvvm-pattern/Info.plist";
				INFOPLIST_KEY_UIApplicationSupportsIndirectInputEvents = YES;
				INFOPLIST_KEY_UILaunchStoryboardName = LaunchScreen;
				INFOPLIST_KEY_UIMainStoryboardFile = Main;
				INFOPLIST_KEY_UISupportedInterfaceOrientations_iPad = "UIInterfaceOrientationPortrait UIInterfaceOrientationPortraitUpsideDown UIInterfaceOrientationLandscapeLeft UIInterfaceOrientationLandscapeRight";
				INFOPLIST_KEY_UISupportedInterfaceOrientations_iPhone = "UIInterfaceOrientationPortrait UIInterfaceOrientationLandscapeLeft UIInterfaceOrientationLandscapeRight";
				LD_RUNPATH_SEARCH_PATHS = (
					"$(inherited)",
					"@executable_path/Frameworks",
				);
				MARKETING_VERSION = 1.0;
				PRODUCT_BUNDLE_IDENTIFIER = "mung.mvvm-pattern";
				PRODUCT_NAME = "$(TARGET_NAME)";
				SWIFT_EMIT_LOC_STRINGS = YES;
				SWIFT_VERSION = 5.0;
				TARGETED_DEVICE_FAMILY = "1,2";
			};
			name = Debug;
		};
		1F30B33327DD796800E5A410 /* Release */ = {
			isa = XCBuildConfiguration;
			buildSettings = {
				ASSETCATALOG_COMPILER_APPICON_NAME = AppIcon;
				ASSETCATALOG_COMPILER_GLOBAL_ACCENT_COLOR_NAME = AccentColor;
				CODE_SIGN_STYLE = Automatic;
				CURRENT_PROJECT_VERSION = 1;
				GENERATE_INFOPLIST_FILE = YES;
				INFOPLIST_FILE = "mvvm-pattern/Info.plist";
				INFOPLIST_KEY_UIApplicationSupportsIndirectInputEvents = YES;
				INFOPLIST_KEY_UILaunchStoryboardName = LaunchScreen;
				INFOPLIST_KEY_UIMainStoryboardFile = Main;
				INFOPLIST_KEY_UISupportedInterfaceOrientations_iPad = "UIInterfaceOrientationPortrait UIInterfaceOrientationPortraitUpsideDown UIInterfaceOrientationLandscapeLeft UIInterfaceOrientationLandscapeRight";
				INFOPLIST_KEY_UISupportedInterfaceOrientations_iPhone = "UIInterfaceOrientationPortrait UIInterfaceOrientationLandscapeLeft UIInterfaceOrientationLandscapeRight";
				LD_RUNPATH_SEARCH_PATHS = (
					"$(inherited)",
					"@executable_path/Frameworks",
				);
				MARKETING_VERSION = 1.0;
				PRODUCT_BUNDLE_IDENTIFIER = "mung.mvvm-pattern";
				PRODUCT_NAME = "$(TARGET_NAME)";
				SWIFT_EMIT_LOC_STRINGS = YES;
				SWIFT_VERSION = 5.0;
				TARGETED_DEVICE_FAMILY = "1,2";
			};
			name = Release;
		};
		1F30B33527DD796800E5A410 /* Debug */ = {
			isa = XCBuildConfiguration;
			buildSettings = {
				ALWAYS_EMBED_SWIFT_STANDARD_LIBRARIES = YES;
				BUNDLE_LOADER = "$(TEST_HOST)";
				CODE_SIGN_STYLE = Automatic;
				CURRENT_PROJECT_VERSION = 1;
				GENERATE_INFOPLIST_FILE = YES;
				IPHONEOS_DEPLOYMENT_TARGET = 15.0;
				LD_RUNPATH_SEARCH_PATHS = (
					"$(inherited)",
					"@executable_path/Frameworks",
					"@loader_path/Frameworks",
				);
				MARKETING_VERSION = 1.0;
				PRODUCT_BUNDLE_IDENTIFIER = "mung.mvvm-patternTests";
				PRODUCT_NAME = "$(TARGET_NAME)";
				SWIFT_EMIT_LOC_STRINGS = NO;
				SWIFT_VERSION = 5.0;
				TARGETED_DEVICE_FAMILY = "1,2";
				TEST_HOST = "$(BUILT_PRODUCTS_DIR)/mvvm-pattern.app/mvvm-pattern";
			};
			name = Debug;
		};
		1F30B33627DD796800E5A410 /* Release */ = {
			isa = XCBuildConfiguration;
			buildSettings = {
				ALWAYS_EMBED_SWIFT_STANDARD_LIBRARIES = YES;
				BUNDLE_LOADER = "$(TEST_HOST)";
				CODE_SIGN_STYLE = Automatic;
				CURRENT_PROJECT_VERSION = 1;
				GENERATE_INFOPLIST_FILE = YES;
				IPHONEOS_DEPLOYMENT_TARGET = 15.0;
				LD_RUNPATH_SEARCH_PATHS = (
					"$(inherited)",
					"@executable_path/Frameworks",
					"@loader_path/Frameworks",
				);
				MARKETING_VERSION = 1.0;
				PRODUCT_BUNDLE_IDENTIFIER = "mung.mvvm-patternTests";
				PRODUCT_NAME = "$(TARGET_NAME)";
				SWIFT_EMIT_LOC_STRINGS = NO;
				SWIFT_VERSION = 5.0;
				TARGETED_DEVICE_FAMILY = "1,2";
				TEST_HOST = "$(BUILT_PRODUCTS_DIR)/mvvm-pattern.app/mvvm-pattern";
			};
			name = Release;
		};
		1F30B33827DD796800E5A410 /* Debug */ = {
			isa = XCBuildConfiguration;
			buildSettings = {
				ALWAYS_EMBED_SWIFT_STANDARD_LIBRARIES = YES;
				CODE_SIGN_STYLE = Automatic;
				CURRENT_PROJECT_VERSION = 1;
				GENERATE_INFOPLIST_FILE = YES;
				LD_RUNPATH_SEARCH_PATHS = (
					"$(inherited)",
					"@executable_path/Frameworks",
					"@loader_path/Frameworks",
				);
				MARKETING_VERSION = 1.0;
				PRODUCT_BUNDLE_IDENTIFIER = "mung.mvvm-patternUITests";
				PRODUCT_NAME = "$(TARGET_NAME)";
				SWIFT_EMIT_LOC_STRINGS = NO;
				SWIFT_VERSION = 5.0;
				TARGETED_DEVICE_FAMILY = "1,2";
				TEST_TARGET_NAME = "mvvm-pattern";
			};
			name = Debug;
		};
		1F30B33927DD796800E5A410 /* Release */ = {
			isa = XCBuildConfiguration;
			buildSettings = {
				ALWAYS_EMBED_SWIFT_STANDARD_LIBRARIES = YES;
				CODE_SIGN_STYLE = Automatic;
				CURRENT_PROJECT_VERSION = 1;
				GENERATE_INFOPLIST_FILE = YES;
				LD_RUNPATH_SEARCH_PATHS = (
					"$(inherited)",
					"@executable_path/Frameworks",
					"@loader_path/Frameworks",
				);
				MARKETING_VERSION = 1.0;
				PRODUCT_BUNDLE_IDENTIFIER = "mung.mvvm-patternUITests";
				PRODUCT_NAME = "$(TARGET_NAME)";
				SWIFT_EMIT_LOC_STRINGS = NO;
				SWIFT_VERSION = 5.0;
				TARGETED_DEVICE_FAMILY = "1,2";
				TEST_TARGET_NAME = "mvvm-pattern";
			};
			name = Release;
		};
/* End XCBuildConfiguration section */

/* Begin XCConfigurationList section */
		1F30B30227DD796600E5A410 /* Build configuration list for PBXProject "mvvm-pattern" */ = {
			isa = XCConfigurationList;
			buildConfigurations = (
				1F30B32F27DD796800E5A410 /* Debug */,
				1F30B33027DD796800E5A410 /* Release */,
			);
			defaultConfigurationIsVisible = 0;
			defaultConfigurationName = Release;
		};
		1F30B33127DD796800E5A410 /* Build configuration list for PBXNativeTarget "mvvm-pattern" */ = {
			isa = XCConfigurationList;
			buildConfigurations = (
				1F30B33227DD796800E5A410 /* Debug */,
				1F30B33327DD796800E5A410 /* Release */,
			);
			defaultConfigurationIsVisible = 0;
			defaultConfigurationName = Release;
		};
		1F30B33427DD796800E5A410 /* Build configuration list for PBXNativeTarget "mvvm-patternTests" */ = {
			isa = XCConfigurationList;
			buildConfigurations = (
				1F30B33527DD796800E5A410 /* Debug */,
				1F30B33627DD796800E5A410 /* Release */,
			);
			defaultConfigurationIsVisible = 0;
			defaultConfigurationName = Release;
		};
		1F30B33727DD796800E5A410 /* Build configuration list for PBXNativeTarget "mvvm-patternUITests" */ = {
			isa = XCConfigurationList;
			buildConfigurations = (
				1F30B33827DD796800E5A410 /* Debug */,
				1F30B33927DD796800E5A410 /* Release */,
			);
			defaultConfigurationIsVisible = 0;
			defaultConfigurationName = Release;
		};
/* End XCConfigurationList section */
	};
	rootObject = 1F30B2FF27DD796600E5A410 /* Project object */;
}
